
Microsoft Visual Studio Solution File, Format Version 12.00
# Visual Studio Version 17
VisualStudioVersion = 17.0.32112.339
MinimumVisualStudioVersion = 10.0.40219.1
Project("{9A19103F-16F7-4668-BE54-9A1E7A4F7556}") = "GoogleCodeJam2022", "MathTest\GoogleCodeJam2022.csproj", "{C35171EE-5968-442B-9B2E-3785F0A900DB}"
EndProject
Global
	GlobalSection(SolutionConfigurationPlatforms) = preSolution
		Debug|Any CPU = Debug|Any CPU
		Release|Any CPU = Release|Any CPU
	EndGlobalSection
	GlobalSection(ProjectConfigurationPlatforms) = postSolution
		{C35171EE-5968-442B-9B2E-3785F0A900DB}.Debug|Any CPU.ActiveCfg = Debug|Any CPU
		{C35171EE-5968-442B-9B2E-3785F0A900DB}.Debug|Any CPU.Build.0 = Debug|Any CPU
		{C35171EE-5968-442B-9B2E-3785F0A900DB}.Release|Any CPU.ActiveCfg = Release|Any CPU
		{C35171EE-5968-442B-9B2E-3785F0A900DB}.Release|Any CPU.Build.0 = Release|Any CPU
	EndGlobalSection
	GlobalSection(SolutionProperties) = preSolution
		HideSolutionNode = FALSE
	EndGlobalSection
	GlobalSection(ExtensibilityGlobals) = postSolution
		SolutionGuid = {E4A5A6C3-F5B0-43D8-9C3C-EE434431153F}
	EndGlobalSection
EndGlobal
